
Microsoft Visual Studio Solution File, Format Version 12.00
# Visual Studio Version 17
VisualStudioVersion = 17.4.32916.344
MinimumVisualStudioVersion = 10.0.40219.1
Project("{9A19103F-16F7-4668-BE54-9A1E7A4F7556}") = "FiniteElementMethod_2Lab", "FiniteElementMethod_2Lab\FiniteElementMethod_2Lab.csproj", "{71388160-E978-4F5E-9E9B-A8EBA1E605F7}"
EndProject
Project("{9A19103F-16F7-4668-BE54-9A1E7A4F7556}") = "SharpMath", "..\SharpMath\SharpMath\SharpMath.csproj", "{C0534CDB-0192-4B55-A02B-EA807F7CC6B2}"
EndProject
Project("{9A19103F-16F7-4668-BE54-9A1E7A4F7556}") = "SharpMath.Tests", "..\SharpMath\SharpMath.Tests\SharpMath.Tests.csproj", "{A2D7D1B0-D07C-4412-A7CD-FB16309A7417}"
EndProject
Global
	GlobalSection(SolutionConfigurationPlatforms) = preSolution
		Debug|Any CPU = Debug|Any CPU
		Release|Any CPU = Release|Any CPU
	EndGlobalSection
	GlobalSection(ProjectConfigurationPlatforms) = postSolution
		{71388160-E978-4F5E-9E9B-A8EBA1E605F7}.Debug|Any CPU.ActiveCfg = Debug|Any CPU
		{71388160-E978-4F5E-9E9B-A8EBA1E605F7}.Debug|Any CPU.Build.0 = Debug|Any CPU
		{71388160-E978-4F5E-9E9B-A8EBA1E605F7}.Release|Any CPU.ActiveCfg = Release|Any CPU
		{71388160-E978-4F5E-9E9B-A8EBA1E605F7}.Release|Any CPU.Build.0 = Release|Any CPU
		{C0534CDB-0192-4B55-A02B-EA807F7CC6B2}.Debug|Any CPU.ActiveCfg = Debug|Any CPU
		{C0534CDB-0192-4B55-A02B-EA807F7CC6B2}.Debug|Any CPU.Build.0 = Debug|Any CPU
		{C0534CDB-0192-4B55-A02B-EA807F7CC6B2}.Release|Any CPU.ActiveCfg = Release|Any CPU
		{C0534CDB-0192-4B55-A02B-EA807F7CC6B2}.Release|Any CPU.Build.0 = Release|Any CPU
		{A2D7D1B0-D07C-4412-A7CD-FB16309A7417}.Debug|Any CPU.ActiveCfg = Debug|Any CPU
		{A2D7D1B0-D07C-4412-A7CD-FB16309A7417}.Debug|Any CPU.Build.0 = Debug|Any CPU
		{A2D7D1B0-D07C-4412-A7CD-FB16309A7417}.Release|Any CPU.ActiveCfg = Release|Any CPU
		{A2D7D1B0-D07C-4412-A7CD-FB16309A7417}.Release|Any CPU.Build.0 = Release|Any CPU
	EndGlobalSection
	GlobalSection(SolutionProperties) = preSolution
		HideSolutionNode = FALSE
	EndGlobalSection
	GlobalSection(ExtensibilityGlobals) = postSolution
		SolutionGuid = {967F26D5-F420-40DE-97AB-1AC49F30F2D5}
	EndGlobalSection
EndGlobal
